
Microsoft Visual Studio Solution File, Format Version 12.00
# Visual Studio Version 17
VisualStudioVersion = 17.3.32804.467
MinimumVisualStudioVersion = 10.0.40219.1
Project("{9A19103F-16F7-4668-BE54-9A1E7A4F7556}") = "SearchCommits", "SearchCommits\SearchCommits.csproj", "{61D3A1AD-B18D-4AFB-9AE1-53A8003BBAF6}"
EndProject
Project("{9A19103F-16F7-4668-BE54-9A1E7A4F7556}") = "AzureDevopsGitApi", "AzureDevopsGitApi\AzureDevopsGitApi.csproj", "{362FD795-8599-431D-9885-DF19208D9B5E}"
EndProject
Project("{9A19103F-16F7-4668-BE54-9A1E7A4F7556}") = "Configurations", "Configurations\Configurations.csproj", "{A94FB6C2-C2BD-4113-B076-870BD52A67D7}"
EndProject
Project("{9A19103F-16F7-4668-BE54-9A1E7A4F7556}") = "ElasticApi", "ElasticApi\ElasticApi.csproj", "{742454DC-DFC7-4DBD-ABE8-929CCC755F14}"
EndProject
Project("{2150E333-8FDC-42A3-9474-1A3956D46DE8}") = "Html", "Html", "{4A38B225-270F-48B5-915B-4CA0F068FC64}"
	ProjectSection(SolutionItems) = preProject
		SearchCommits.html = SearchCommits.html
	EndProjectSection
EndProject
Global
	GlobalSection(SolutionConfigurationPlatforms) = preSolution
		Debug|Any CPU = Debug|Any CPU
		Release|Any CPU = Release|Any CPU
	EndGlobalSection
	GlobalSection(ProjectConfigurationPlatforms) = postSolution
		{61D3A1AD-B18D-4AFB-9AE1-53A8003BBAF6}.Debug|Any CPU.ActiveCfg = Debug|Any CPU
		{61D3A1AD-B18D-4AFB-9AE1-53A8003BBAF6}.Debug|Any CPU.Build.0 = Debug|Any CPU
		{61D3A1AD-B18D-4AFB-9AE1-53A8003BBAF6}.Release|Any CPU.ActiveCfg = Release|Any CPU
		{61D3A1AD-B18D-4AFB-9AE1-53A8003BBAF6}.Release|Any CPU.Build.0 = Release|Any CPU
		{362FD795-8599-431D-9885-DF19208D9B5E}.Debug|Any CPU.ActiveCfg = Debug|Any CPU
		{362FD795-8599-431D-9885-DF19208D9B5E}.Debug|Any CPU.Build.0 = Debug|Any CPU
		{362FD795-8599-431D-9885-DF19208D9B5E}.Release|Any CPU.ActiveCfg = Release|Any CPU
		{362FD795-8599-431D-9885-DF19208D9B5E}.Release|Any CPU.Build.0 = Release|Any CPU
		{A94FB6C2-C2BD-4113-B076-870BD52A67D7}.Debug|Any CPU.ActiveCfg = Debug|Any CPU
		{A94FB6C2-C2BD-4113-B076-870BD52A67D7}.Debug|Any CPU.Build.0 = Debug|Any CPU
		{A94FB6C2-C2BD-4113-B076-870BD52A67D7}.Release|Any CPU.ActiveCfg = Release|Any CPU
		{A94FB6C2-C2BD-4113-B076-870BD52A67D7}.Release|Any CPU.Build.0 = Release|Any CPU
		{742454DC-DFC7-4DBD-ABE8-929CCC755F14}.Debug|Any CPU.ActiveCfg = Debug|Any CPU
		{742454DC-DFC7-4DBD-ABE8-929CCC755F14}.Debug|Any CPU.Build.0 = Debug|Any CPU
		{742454DC-DFC7-4DBD-ABE8-929CCC755F14}.Release|Any CPU.ActiveCfg = Release|Any CPU
		{742454DC-DFC7-4DBD-ABE8-929CCC755F14}.Release|Any CPU.Build.0 = Release|Any CPU
	EndGlobalSection
	GlobalSection(SolutionProperties) = preSolution
		HideSolutionNode = FALSE
	EndGlobalSection
	GlobalSection(ExtensibilityGlobals) = postSolution
		SolutionGuid = {B8FB0807-DB6D-496C-980A-5C6402E7397B}
	EndGlobalSection
EndGlobal
